
Microsoft Visual Studio Solution File, Format Version 12.00
# Visual Studio Version 16
VisualStudioVersion = 16.0.29609.76
MinimumVisualStudioVersion = 10.0.40219.1
Project("{FAE04EC0-301F-11D3-BF4B-00C04F79EFBC}") = "parse_PDF", "parse_PDF.csproj", "{1D1C8CBB-C7FD-4A56-AD11-735DDA4EF795}"
EndProject
Global
	GlobalSection(SolutionConfigurationPlatforms) = preSolution
		Debug|Any CPU = Debug|Any CPU
		Release|Any CPU = Release|Any CPU
	EndGlobalSection
	GlobalSection(ProjectConfigurationPlatforms) = postSolution
		{1D1C8CBB-C7FD-4A56-AD11-735DDA4EF795}.Debug|Any CPU.ActiveCfg = Debug|Any CPU
		{1D1C8CBB-C7FD-4A56-AD11-735DDA4EF795}.Debug|Any CPU.Build.0 = Debug|Any CPU
		{1D1C8CBB-C7FD-4A56-AD11-735DDA4EF795}.Release|Any CPU.ActiveCfg = Release|Any CPU
		{1D1C8CBB-C7FD-4A56-AD11-735DDA4EF795}.Release|Any CPU.Build.0 = Release|Any CPU
	EndGlobalSection
	GlobalSection(SolutionProperties) = preSolution
		HideSolutionNode = FALSE
	EndGlobalSection
	GlobalSection(ExtensibilityGlobals) = postSolution
		SolutionGuid = {83929D02-F604-451C-B6B7-D2D425FC8F75}
	EndGlobalSection
EndGlobal
